
Microsoft Visual Studio Solution File, Format Version 12.00
# Visual Studio Version 17
VisualStudioVersion = 17.0.31903.59
MinimumVisualStudioVersion = 10.0.40219.1
Project("{FAE04EC0-301F-11D3-BF4B-00C04F79EFBC}") = "IntegrationTests", "test\IntegrationTests\IntegrationTests.csproj", "{A29196D7-E116-486B-BE4A-863609EBEBE7}"
EndProject
Project("{FAE04EC0-301F-11D3-BF4B-00C04F79EFBC}") = "EndToEndTests", "test\EndToEndTests\EndToEndTests.csproj", "{854B8A0C-ADCE-46E2-892E-AF10A042A013}"
EndProject
Project("{2150E333-8FDC-42A3-9474-1A3956D46DE8}") = "src", "src", "{DEB3C898-56F9-4BD1-B364-9045EC1F4566}"
EndProject
Project("{2150E333-8FDC-42A3-9474-1A3956D46DE8}") = "test", "test", "{980CB3DD-3A73-4220-9694-EFDCCFD7F3D8}"
EndProject
Project("{FAE04EC0-301F-11D3-BF4B-00C04F79EFBC}") = "TestHelpers", "test\TestHelpers\TestHelpers.csproj", "{7EB47B10-237D-428A-AA4C-5D3975160D50}"
EndProject
Project("{FAE04EC0-301F-11D3-BF4B-00C04F79EFBC}") = "Chirp.Core", "src\Chirp.Core\Chirp.Core.csproj", "{4A626C74-3696-4B63-B3AF-8F266CEBAE15}"
EndProject
Project("{FAE04EC0-301F-11D3-BF4B-00C04F79EFBC}") = "Chirp.Razor", "src\Chirp.Razor\Chirp.Razor.csproj", "{63773916-8A9E-47D7-ADB4-8376883F1ED4}"
EndProject
Project("{FAE04EC0-301F-11D3-BF4B-00C04F79EFBC}") = "Chirp.Core.Tests", "test\Chirp.Core.Tests\Chirp.Core.Tests.csproj", "{09DE6DBB-ABB4-43B4-A53D-B4C7558880B2}"
EndProject
Global
	GlobalSection(SolutionConfigurationPlatforms) = preSolution
		Debug|Any CPU = Debug|Any CPU
		Release|Any CPU = Release|Any CPU
	EndGlobalSection
	GlobalSection(SolutionProperties) = preSolution
		HideSolutionNode = FALSE
	EndGlobalSection
	GlobalSection(ProjectConfigurationPlatforms) = postSolution
		{A29196D7-E116-486B-BE4A-863609EBEBE7}.Debug|Any CPU.ActiveCfg = Debug|Any CPU
		{A29196D7-E116-486B-BE4A-863609EBEBE7}.Debug|Any CPU.Build.0 = Debug|Any CPU
		{A29196D7-E116-486B-BE4A-863609EBEBE7}.Release|Any CPU.ActiveCfg = Release|Any CPU
		{A29196D7-E116-486B-BE4A-863609EBEBE7}.Release|Any CPU.Build.0 = Release|Any CPU
		{854B8A0C-ADCE-46E2-892E-AF10A042A013}.Debug|Any CPU.ActiveCfg = Debug|Any CPU
		{854B8A0C-ADCE-46E2-892E-AF10A042A013}.Debug|Any CPU.Build.0 = Debug|Any CPU
		{854B8A0C-ADCE-46E2-892E-AF10A042A013}.Release|Any CPU.ActiveCfg = Release|Any CPU
		{854B8A0C-ADCE-46E2-892E-AF10A042A013}.Release|Any CPU.Build.0 = Release|Any CPU
		{7EB47B10-237D-428A-AA4C-5D3975160D50}.Debug|Any CPU.ActiveCfg = Debug|Any CPU
		{7EB47B10-237D-428A-AA4C-5D3975160D50}.Debug|Any CPU.Build.0 = Debug|Any CPU
		{7EB47B10-237D-428A-AA4C-5D3975160D50}.Release|Any CPU.ActiveCfg = Release|Any CPU
		{7EB47B10-237D-428A-AA4C-5D3975160D50}.Release|Any CPU.Build.0 = Release|Any CPU
		{4A626C74-3696-4B63-B3AF-8F266CEBAE15}.Debug|Any CPU.ActiveCfg = Debug|Any CPU
		{4A626C74-3696-4B63-B3AF-8F266CEBAE15}.Debug|Any CPU.Build.0 = Debug|Any CPU
		{4A626C74-3696-4B63-B3AF-8F266CEBAE15}.Release|Any CPU.ActiveCfg = Release|Any CPU
		{4A626C74-3696-4B63-B3AF-8F266CEBAE15}.Release|Any CPU.Build.0 = Release|Any CPU
		{63773916-8A9E-47D7-ADB4-8376883F1ED4}.Debug|Any CPU.ActiveCfg = Debug|Any CPU
		{63773916-8A9E-47D7-ADB4-8376883F1ED4}.Debug|Any CPU.Build.0 = Debug|Any CPU
		{63773916-8A9E-47D7-ADB4-8376883F1ED4}.Release|Any CPU.ActiveCfg = Release|Any CPU
		{63773916-8A9E-47D7-ADB4-8376883F1ED4}.Release|Any CPU.Build.0 = Release|Any CPU
		{09DE6DBB-ABB4-43B4-A53D-B4C7558880B2}.Debug|Any CPU.ActiveCfg = Debug|Any CPU
		{09DE6DBB-ABB4-43B4-A53D-B4C7558880B2}.Debug|Any CPU.Build.0 = Debug|Any CPU
		{09DE6DBB-ABB4-43B4-A53D-B4C7558880B2}.Release|Any CPU.ActiveCfg = Release|Any CPU
		{09DE6DBB-ABB4-43B4-A53D-B4C7558880B2}.Release|Any CPU.Build.0 = Release|Any CPU
	EndGlobalSection
	GlobalSection(NestedProjects) = preSolution
		{854B8A0C-ADCE-46E2-892E-AF10A042A013} = {980CB3DD-3A73-4220-9694-EFDCCFD7F3D8}
		{A29196D7-E116-486B-BE4A-863609EBEBE7} = {980CB3DD-3A73-4220-9694-EFDCCFD7F3D8}
		{7EB47B10-237D-428A-AA4C-5D3975160D50} = {980CB3DD-3A73-4220-9694-EFDCCFD7F3D8}
		{4A626C74-3696-4B63-B3AF-8F266CEBAE15} = {DEB3C898-56F9-4BD1-B364-9045EC1F4566}
		{63773916-8A9E-47D7-ADB4-8376883F1ED4} = {DEB3C898-56F9-4BD1-B364-9045EC1F4566}
		{09DE6DBB-ABB4-43B4-A53D-B4C7558880B2} = {980CB3DD-3A73-4220-9694-EFDCCFD7F3D8}
	EndGlobalSection
EndGlobal
